
Microsoft Visual Studio Solution File, Format Version 12.00
# Visual Studio Version 17
VisualStudioVersion = 17.13.36105.23 d17.13
MinimumVisualStudioVersion = 10.0.40219.1
Project("{FAE04EC0-301F-11D3-BF4B-00C04F79EFBC}") = "EstruturaDecisao", "EstruturaDecisao.csproj", "{1AFA155C-D155-4FE0-B07F-5E992F5E708A}"
EndProject
Global
	GlobalSection(SolutionConfigurationPlatforms) = preSolution
		Debug|Any CPU = Debug|Any CPU
		Release|Any CPU = Release|Any CPU
	EndGlobalSection
	GlobalSection(ProjectConfigurationPlatforms) = postSolution
		{1AFA155C-D155-4FE0-B07F-5E992F5E708A}.Debug|Any CPU.ActiveCfg = Debug|Any CPU
		{1AFA155C-D155-4FE0-B07F-5E992F5E708A}.Debug|Any CPU.Build.0 = Debug|Any CPU
		{1AFA155C-D155-4FE0-B07F-5E992F5E708A}.Release|Any CPU.ActiveCfg = Release|Any CPU
		{1AFA155C-D155-4FE0-B07F-5E992F5E708A}.Release|Any CPU.Build.0 = Release|Any CPU
	EndGlobalSection
	GlobalSection(SolutionProperties) = preSolution
		HideSolutionNode = FALSE
	EndGlobalSection
	GlobalSection(ExtensibilityGlobals) = postSolution
		SolutionGuid = {7DE9EF0D-121C-47C4-B482-F13BE6FFAD22}
	EndGlobalSection
EndGlobal
